{
  "name": "api",
  "version": "1.0.0",
  "lockfileVersion": 2,
  "requires": true,
  "packages": {
    "": {
      "version": "1.0.0",
      "devDependencies": {
        "@azure/functions": "^2.0.0",
        "typescript": "^4.0.0"
      }
    },
    "node_modules/@azure/functions": {
      "version": "2.0.0",
      "resolved": "https://registry.npmjs.org/@azure/functions/-/functions-2.0.0.tgz",
      "integrity": "sha512-FUd0bdmM6LtApr9LNQi1BFpNchrk1FwkzieTSw0XzA9dCr83jI62MxWsM5YIFrDnJS3i2Ry81D78PecukGCL/w==",
      "dev": true
    },
    "node_modules/typescript": {
      "version": "4.6.4",
      "resolved": "https://registry.npmjs.org/typescript/-/typescript-4.6.4.tgz",
      "integrity": "sha512-9ia/jWHIEbo49HfjrLGfKbZSuWo9iTMwXO+Ca3pRsSpbsMbc7/IU8NKdCZVRRBafVPGnoJeFL76ZOAA84I9fEg==",
      "dev": true,
      "bin": {
        "tsc": "bin/tsc",
        "tsserver": "bin/tsserver"
      },
      "engines": {
        "node": ">=4.2.0"
      }
    }
  },
  "dependencies": {
    "@azure/functions": {
      "version": "2.0.0",
      "resolved": "https://registry.npmjs.org/@azure/functions/-/functions-2.0.0.tgz",
      "integrity": "sha512-FUd0bdmM6LtApr9LNQi1BFpNchrk1FwkzieTSw0XzA9dCr83jI62MxWsM5YIFrDnJS3i2Ry81D78PecukGCL/w==",
      "dev": true
    },
    "typescript": {
      "version": "4.6.4",
      "resolved": "https://registry.npmjs.org/typescript/-/typescript-4.6.4.tgz",
      "integrity": "sha512-9ia/jWHIEbo49HfjrLGfKbZSuWo9iTMwXO+Ca3pRsSpbsMbc7/IU8NKdCZVRRBafVPGnoJeFL76ZOAA84I9fEg==",
      "dev": true
    }
  }
}
